{
  "version": "5",
  "specifiers": {
    "jsr:@std/assert@^1.0.13": "1.0.13",
    "jsr:@std/internal@^1.0.6": "1.0.10",
    "npm:jsx-xml@0.3": "0.3.0",
    "npm:typedoc@~0.28.7": "0.28.8_typescript@5.8.3"
  },
  "jsr": {
    "@std/assert@1.0.13": {
      "integrity": "ae0d31e41919b12c656c742b22522c32fb26ed0cba32975cb0de2a273cb68b29",
      "dependencies": [
        "jsr:@std/internal"
      ]
    },
    "@std/internal@1.0.10": {
      "integrity": "e3be62ce42cab0e177c27698e5d9800122f67b766a0bea6ca4867886cbde8cf7"
    }
  },
  "npm": {
    "@gerrit0/mini-shiki@3.8.1": {
      "integrity": "sha512-HVZW+8pxoOExr5ZMPK15U79jQAZTO/S6i5byQyyZGjtNj+qaYd82cizTncwFzTQgiLo8uUBym6vh+/1tfJklTw==",
      "dependencies": [
        "@shikijs/engine-oniguruma",
        "@shikijs/langs",
        "@shikijs/themes",
        "@shikijs/types",
        "@shikijs/vscode-textmate"
      ],
      "tarball": "https://registry.npmmirror.com/@gerrit0/mini-shiki/-/mini-shiki-3.8.1.tgz"
    },
    "@oozcitak/dom@1.15.10": {
      "integrity": "sha512-0JT29/LaxVgRcGKvHmSrUTEvZ8BXvZhGl2LASRUgHqDTC1M5g1pLmVv56IYNyt3bG2CUjDkc67wnyZC14pbQrQ==",
      "dependencies": [
        "@oozcitak/infra",
        "@oozcitak/url",
        "@oozcitak/util"
      ],
      "tarball": "https://registry.npmmirror.com/@oozcitak/dom/-/dom-1.15.10.tgz"
    },
    "@oozcitak/infra@1.0.8": {
      "integrity": "sha512-JRAUc9VR6IGHOL7OGF+yrvs0LO8SlqGnPAMqyzOuFZPSZSXI7Xf2O9+awQPSMXgIWGtgUf/dA6Hs6X6ySEaWTg==",
      "dependencies": [
        "@oozcitak/util"
      ],
      "tarball": "https://registry.npmmirror.com/@oozcitak/infra/-/infra-1.0.8.tgz"
    },
    "@oozcitak/url@1.0.4": {
      "integrity": "sha512-kDcD8y+y3FCSOvnBI6HJgl00viO/nGbQoCINmQ0h98OhnGITrWR3bOGfwYCthgcrV8AnTJz8MzslTQbC3SOAmw==",
      "dependencies": [
        "@oozcitak/infra",
        "@oozcitak/util"
      ],
      "tarball": "https://registry.npmmirror.com/@oozcitak/url/-/url-1.0.4.tgz"
    },
    "@oozcitak/util@8.3.8": {
      "integrity": "sha512-T8TbSnGsxo6TDBJx/Sgv/BlVJL3tshxZP7Aq5R1mSnM5OcHY2dQaxLMu2+E8u3gN0MLOzdjurqN4ZRVuzQycOQ==",
      "tarball": "https://registry.npmmirror.com/@oozcitak/util/-/util-8.3.8.tgz"
    },
    "@shikijs/engine-oniguruma@3.8.1": {
      "integrity": "sha512-KGQJZHlNY7c656qPFEQpIoqOuC4LrxjyNndRdzk5WKB/Ie87+NJCF1xo9KkOUxwxylk7rT6nhlZyTGTC4fCe1g==",
      "dependencies": [
        "@shikijs/types",
        "@shikijs/vscode-textmate"
      ],
      "tarball": "https://registry.npmmirror.com/@shikijs/engine-oniguruma/-/engine-oniguruma-3.8.1.tgz"
    },
    "@shikijs/langs@3.8.1": {
      "integrity": "sha512-TjOFg2Wp1w07oKnXjs0AUMb4kJvujML+fJ1C5cmEj45lhjbUXtziT1x2bPQb9Db6kmPhkG5NI2tgYW1/DzhUuQ==",
      "dependencies": [
        "@shikijs/types"
      ],
      "tarball": "https://registry.npmmirror.com/@shikijs/langs/-/langs-3.8.1.tgz"
    },
    "@shikijs/themes@3.8.1": {
      "integrity": "sha512-Vu3t3BBLifc0GB0UPg2Pox1naTemrrvyZv2lkiSw3QayVV60me1ujFQwPZGgUTmwXl1yhCPW8Lieesm0CYruLQ==",
      "dependencies": [
        "@shikijs/types"
      ],
      "tarball": "https://registry.npmmirror.com/@shikijs/themes/-/themes-3.8.1.tgz"
    },
    "@shikijs/types@3.8.1": {
      "integrity": "sha512-5C39Q8/8r1I26suLh+5TPk1DTrbY/kn3IdWA5HdizR0FhlhD05zx5nKCqhzSfDHH3p4S0ZefxWd77DLV+8FhGg==",
      "dependencies": [
        "@shikijs/vscode-textmate",
        "@types/hast"
      ],
      "tarball": "https://registry.npmmirror.com/@shikijs/types/-/types-3.8.1.tgz"
    },
    "@shikijs/vscode-textmate@10.0.2": {
      "integrity": "sha512-83yeghZ2xxin3Nj8z1NMd/NCuca+gsYXswywDy5bHvwlWL8tpTQmzGeUuHd9FC3E/SBEMvzJRwWEOz5gGes9Qg==",
      "tarball": "https://registry.npmmirror.com/@shikijs/vscode-textmate/-/vscode-textmate-10.0.2.tgz"
    },
    "@types/hast@3.0.4": {
      "integrity": "sha512-WPs+bbQw5aCj+x6laNGWLH3wviHtoCv/P3+otBhbOhJgG8qtpdAMlTCxLtsTWA7LH1Oh/bFCHsBn0TPS5m30EQ==",
      "dependencies": [
        "@types/unist"
      ],
      "tarball": "https://registry.npmmirror.com/@types/hast/-/hast-3.0.4.tgz"
    },
    "@types/unist@3.0.3": {
      "integrity": "sha512-ko/gIFJRv177XgZsZcBwnqJN5x/Gien8qNOn0D5bQU/zAzVf9Zt3BlcUiLqhV9y4ARk0GbT3tnUiPNgnTXzc/Q==",
      "tarball": "https://registry.npmmirror.com/@types/unist/-/unist-3.0.3.tgz"
    },
    "argparse@1.0.10": {
      "integrity": "sha512-o5Roy6tNG4SL/FOkCAN6RzjiakZS25RLYFrcMttJqbdd8BWrnA+fGz57iN5Pb06pvBGvl5gQ0B48dJlslXvoTg==",
      "dependencies": [
        "sprintf-js"
      ],
      "tarball": "https://registry.npmmirror.com/argparse/-/argparse-1.0.10.tgz"
    },
    "argparse@2.0.1": {
      "integrity": "sha512-8+9WqebbFzpX9OR+Wa6O29asIogeRMzcGtAINdpMHHyAg10f05aSFVBbcEqGf/PXw1EjAZ+q2/bEBg3DvurK3Q==",
      "tarball": "https://registry.npmmirror.com/argparse/-/argparse-2.0.1.tgz"
    },
    "balanced-match@1.0.2": {
      "integrity": "sha512-3oSeUO0TMV67hN1AmbXsK4yaqU7tjiHlbxRDZOpH0KW9+CeX4bRAaX0Anxt0tx2MrpRpWwQaPwIlISEJhYU5Pw==",
      "tarball": "https://registry.npmmirror.com/balanced-match/-/balanced-match-1.0.2.tgz"
    },
    "brace-expansion@2.0.2": {
      "integrity": "sha512-Jt0vHyM+jmUBqojB7E1NIYadt0vI0Qxjxd2TErW94wDz+E2LAm5vKMXXwg6ZZBTHPuUlDgQHKXvjGBdfcF1ZDQ==",
      "dependencies": [
        "balanced-match"
      ],
      "tarball": "https://registry.npmmirror.com/brace-expansion/-/brace-expansion-2.0.2.tgz"
    },
    "entities@4.5.0": {
      "integrity": "sha512-V0hjH4dGPh9Ao5p0MoRY6BVqtwCjhz6vI5LT8AJ55H+4g9/4vbHx1I54fS0XuclLhDHArPQCiMjDxjaL8fPxhw==",
      "tarball": "https://registry.npmmirror.com/entities/-/entities-4.5.0.tgz"
    },
    "esprima@4.0.1": {
      "integrity": "sha512-eGuFFw7Upda+g4p+QHvnW0RyTX/SVeJBDM/gCtMARO0cLuT2HcEKnTPvhjV6aGeqrCB/sbNop0Kszm0jsaWU4A==",
      "bin": true,
      "tarball": "https://registry.npmmirror.com/esprima/-/esprima-4.0.1.tgz"
    },
    "js-yaml@3.14.1": {
      "integrity": "sha512-okMH7OXXJ7YrN9Ok3/SXrnu4iX9yOk+25nqX4imS2npuvTYDmo/QEZoqwZkYaIDk3jVvBOTOIEgEhaLOynBS9g==",
      "dependencies": [
        "argparse@1.0.10",
        "esprima"
      ],
      "bin": true,
      "tarball": "https://registry.npmmirror.com/js-yaml/-/js-yaml-3.14.1.tgz"
    },
    "jsx-xml@0.3.0": {
      "integrity": "sha512-KXzxJw7FVURJKZiMOCwxa9oGd9mztLeIeQmUmfvt8lu+t31eRBm26czfz2SPh+0IgklJgt3Cebk96XYJ4y+dMw==",
      "dependencies": [
        "react-is",
        "xmlbuilder2"
      ],
      "tarball": "https://registry.npmmirror.com/jsx-xml/-/jsx-xml-0.3.0.tgz"
    },
    "linkify-it@5.0.0": {
      "integrity": "sha512-5aHCbzQRADcdP+ATqnDuhhJ/MRIqDkZX5pyjFHRRysS8vZ5AbqGEoFIb6pYHPZ+L/OC2Lc+xT8uHVVR5CAK/wQ==",
      "dependencies": [
        "uc.micro"
      ],
      "tarball": "https://registry.npmmirror.com/linkify-it/-/linkify-it-5.0.0.tgz"
    },
    "lunr@2.3.9": {
      "integrity": "sha512-zTU3DaZaF3Rt9rhN3uBMGQD3dD2/vFQqnvZCDv4dl5iOzq2IZQqTxu90r4E5J+nP70J3ilqVCrbho2eWaeW8Ow==",
      "tarball": "https://registry.npmmirror.com/lunr/-/lunr-2.3.9.tgz"
    },
    "markdown-it@14.1.0": {
      "integrity": "sha512-a54IwgWPaeBCAAsv13YgmALOF1elABB08FxO9i+r4VFk5Vl4pKokRPeX8u5TCgSsPi6ec1otfLjdOpVcgbpshg==",
      "dependencies": [
        "argparse@2.0.1",
        "entities",
        "linkify-it",
        "mdurl",
        "punycode.js",
        "uc.micro"
      ],
      "bin": true,
      "tarball": "https://registry.npmmirror.com/markdown-it/-/markdown-it-14.1.0.tgz"
    },
    "mdurl@2.0.0": {
      "integrity": "sha512-Lf+9+2r+Tdp5wXDXC4PcIBjTDtq4UKjCPMQhKIuzpJNW0b96kVqSwW0bT7FhRSfmAiFYgP+SCRvdrDozfh0U5w==",
      "tarball": "https://registry.npmmirror.com/mdurl/-/mdurl-2.0.0.tgz"
    },
    "minimatch@9.0.5": {
      "integrity": "sha512-G6T0ZX48xgozx7587koeX9Ys2NYy6Gmv//P89sEte9V9whIapMNF4idKxnW2QtCcLiTWlb/wfCabAtAFWhhBow==",
      "dependencies": [
        "brace-expansion"
      ],
      "tarball": "https://registry.npmmirror.com/minimatch/-/minimatch-9.0.5.tgz"
    },
    "punycode.js@2.3.1": {
      "integrity": "sha512-uxFIHU0YlHYhDQtV4R9J6a52SLx28BCjT+4ieh7IGbgwVJWO+km431c4yRlREUAsAmt/uMjQUyQHNEPf0M39CA==",
      "tarball": "https://registry.npmmirror.com/punycode.js/-/punycode.js-2.3.1.tgz"
    },
    "react-is@18.3.1": {
      "integrity": "sha512-/LLMVyas0ljjAtoYiPqYiL8VWXzUUdThrmU5+n20DZv+a+ClRoevUzw5JxU+Ieh5/c87ytoTBV9G1FiKfNJdmg==",
      "tarball": "https://registry.npmmirror.com/react-is/-/react-is-18.3.1.tgz"
    },
    "sprintf-js@1.0.3": {
      "integrity": "sha512-D9cPgkvLlV3t3IzL0D0YLvGA9Ahk4PcvVwUbN0dSGr1aP0Nrt4AEnTUbuGvquEC0mA64Gqt1fzirlRs5ibXx8g==",
      "tarball": "https://registry.npmmirror.com/sprintf-js/-/sprintf-js-1.0.3.tgz"
    },
    "typedoc@0.28.8_typescript@5.8.3": {
      "integrity": "sha512-16GfLopc8icHfdvqZDqdGBoS2AieIRP2rpf9mU+MgN+gGLyEQvAO0QgOa6NJ5QNmQi0LFrDY9in4F2fUNKgJKA==",
      "dependencies": [
        "@gerrit0/mini-shiki",
        "lunr",
        "markdown-it",
        "minimatch",
        "typescript",
        "yaml"
      ],
      "bin": true,
      "tarball": "https://registry.npmmirror.com/typedoc/-/typedoc-0.28.8.tgz"
    },
    "typescript@5.8.3": {
      "integrity": "sha512-p1diW6TqL9L07nNxvRMM7hMMw4c5XOo/1ibL4aAIGmSAt9slTE1Xgw5KWuof2uTOvCg9BY7ZRi+GaF+7sfgPeQ==",
      "bin": true,
      "tarball": "https://registry.npmmirror.com/typescript/-/typescript-5.8.3.tgz"
    },
    "uc.micro@2.1.0": {
      "integrity": "sha512-ARDJmphmdvUk6Glw7y9DQ2bFkKBHwQHLi2lsaH6PPmz/Ka9sFOBsBluozhDltWmnv9u/cF6Rt87znRTPV+yp/A==",
      "tarball": "https://registry.npmmirror.com/uc.micro/-/uc.micro-2.1.0.tgz"
    },
    "xmlbuilder2@3.1.1": {
      "integrity": "sha512-WCSfbfZnQDdLQLiMdGUQpMxxckeQ4oZNMNhLVkcekTu7xhD4tuUDyAPoY8CwXvBYE6LwBHd6QW2WZXlOWr1vCw==",
      "dependencies": [
        "@oozcitak/dom",
        "@oozcitak/infra",
        "@oozcitak/util",
        "js-yaml"
      ],
      "tarball": "https://registry.npmmirror.com/xmlbuilder2/-/xmlbuilder2-3.1.1.tgz"
    },
    "yaml@2.8.0": {
      "integrity": "sha512-4lLa/EcQCB0cJkyts+FpIRx5G/llPxfP6VQU5KByHEhLxY3IJCH0f0Hy1MHI8sClTvsIb8qwRJ6R/ZdlDJ/leQ==",
      "bin": true,
      "tarball": "https://registry.npmmirror.com/yaml/-/yaml-2.8.0.tgz"
    }
  },
  "workspace": {
    "dependencies": [
      "jsr:@std/assert@^1.0.13",
      "npm:jsx-xml@0.3",
      "npm:typedoc@~0.28.7"
    ]
  }
}
